
Microsoft Visual Studio Solution File, Format Version 12.00
# Visual Studio Version 17
VisualStudioVersion = 17.9.34622.214
MinimumVisualStudioVersion = 10.0.40219.1
Project("{FAE04EC0-301F-11D3-BF4B-00C04F79EFBC}") = "Random number guessing game", "Random number guessing game\Random number guessing game.csproj", "{021AD008-C535-4B30-B1C5-9AEF497083D8}"
EndProject
Global
	GlobalSection(SolutionConfigurationPlatforms) = preSolution
		Debug|Any CPU = Debug|Any CPU
		Release|Any CPU = Release|Any CPU
	EndGlobalSection
	GlobalSection(ProjectConfigurationPlatforms) = postSolution
		{021AD008-C535-4B30-B1C5-9AEF497083D8}.Debug|Any CPU.ActiveCfg = Debug|Any CPU
		{021AD008-C535-4B30-B1C5-9AEF497083D8}.Debug|Any CPU.Build.0 = Debug|Any CPU
		{021AD008-C535-4B30-B1C5-9AEF497083D8}.Release|Any CPU.ActiveCfg = Release|Any CPU
		{021AD008-C535-4B30-B1C5-9AEF497083D8}.Release|Any CPU.Build.0 = Release|Any CPU
	EndGlobalSection
	GlobalSection(SolutionProperties) = preSolution
		HideSolutionNode = FALSE
	EndGlobalSection
	GlobalSection(ExtensibilityGlobals) = postSolution
		SolutionGuid = {F68E9285-DB7D-4CF9-B167-DA4F82DCFF62}
	EndGlobalSection
EndGlobal
